
Microsoft Visual Studio Solution File, Format Version 12.00
# Visual Studio Version 17
VisualStudioVersion = 17.9.34607.119
MinimumVisualStudioVersion = 10.0.40219.1
Project("{FAE04EC0-301F-11D3-BF4B-00C04F79EFBC}") = "HelloWorld", "HelloWorld\HelloWorld.csproj", "{CF6AAD7A-0A63-4F86-A227-B01AA4FAFC8D}"
EndProject
Global
	GlobalSection(SolutionConfigurationPlatforms) = preSolution
		Debug|Any CPU = Debug|Any CPU
		Release|Any CPU = Release|Any CPU
	EndGlobalSection
	GlobalSection(ProjectConfigurationPlatforms) = postSolution
		{CF6AAD7A-0A63-4F86-A227-B01AA4FAFC8D}.Debug|Any CPU.ActiveCfg = Debug|Any CPU
		{CF6AAD7A-0A63-4F86-A227-B01AA4FAFC8D}.Debug|Any CPU.Build.0 = Debug|Any CPU
		{CF6AAD7A-0A63-4F86-A227-B01AA4FAFC8D}.Release|Any CPU.ActiveCfg = Release|Any CPU
		{CF6AAD7A-0A63-4F86-A227-B01AA4FAFC8D}.Release|Any CPU.Build.0 = Release|Any CPU
	EndGlobalSection
	GlobalSection(SolutionProperties) = preSolution
		HideSolutionNode = FALSE
	EndGlobalSection
	GlobalSection(ExtensibilityGlobals) = postSolution
		SolutionGuid = {ABFA27C6-6F55-431A-B65D-2ACF42DBC67E}
	EndGlobalSection
EndGlobal
